
Microsoft Visual Studio Solution File, Format Version 12.00
# Visual Studio Version 17
VisualStudioVersion = 17.3.32804.467
MinimumVisualStudioVersion = 10.0.40219.1
Project("{54A90642-561A-4BB1-A94E-469ADEE60C69}") = "HealthCheck", "HealthCheck\HealthCheck.esproj", "{FD461143-7CCD-4EAD-90FB-412B51D02510}"
EndProject
Project("{FAE04EC0-301F-11D3-BF4B-00C04F79EFBC}") = "HealthCheckAPI", "HealthCheckAPI\HealthCheckAPI.csproj", "{13F5F97A-53B9-4BAE-8643-730FC682C07E}"
EndProject
Global
	GlobalSection(SolutionConfigurationPlatforms) = preSolution
		Debug|Any CPU = Debug|Any CPU
		Release|Any CPU = Release|Any CPU
	EndGlobalSection
	GlobalSection(ProjectConfigurationPlatforms) = postSolution
		{FD461143-7CCD-4EAD-90FB-412B51D02510}.Debug|Any CPU.ActiveCfg = Debug|Any CPU
		{FD461143-7CCD-4EAD-90FB-412B51D02510}.Debug|Any CPU.Build.0 = Debug|Any CPU
		{FD461143-7CCD-4EAD-90FB-412B51D02510}.Debug|Any CPU.Deploy.0 = Debug|Any CPU
		{FD461143-7CCD-4EAD-90FB-412B51D02510}.Release|Any CPU.ActiveCfg = Release|Any CPU
		{FD461143-7CCD-4EAD-90FB-412B51D02510}.Release|Any CPU.Build.0 = Release|Any CPU
		{FD461143-7CCD-4EAD-90FB-412B51D02510}.Release|Any CPU.Deploy.0 = Release|Any CPU
		{13F5F97A-53B9-4BAE-8643-730FC682C07E}.Debug|Any CPU.ActiveCfg = Debug|Any CPU
		{13F5F97A-53B9-4BAE-8643-730FC682C07E}.Debug|Any CPU.Build.0 = Debug|Any CPU
		{13F5F97A-53B9-4BAE-8643-730FC682C07E}.Release|Any CPU.ActiveCfg = Release|Any CPU
		{13F5F97A-53B9-4BAE-8643-730FC682C07E}.Release|Any CPU.Build.0 = Release|Any CPU
	EndGlobalSection
	GlobalSection(SolutionProperties) = preSolution
		HideSolutionNode = FALSE
	EndGlobalSection
	GlobalSection(ExtensibilityGlobals) = postSolution
		SolutionGuid = {A9539758-4F45-4082-8CA7-80295958ED9A}
	EndGlobalSection
EndGlobal
